{
  "version": 1,
  "dependencies": {
    "net9.0-windows7.0": {
      "ECommons": {
        "type": "Direct",
        "requested": "[3.0.0, )",
        "resolved": "3.0.0",
        "contentHash": "Frb4tiuV5ESubnpq4nG6g3QnJ/Il0I3ohzLh/XHyMCN5bnf9Gedrpleo5gr3A3LWHgGLTJT5H5W/CTDPRsmdJg=="
      }
    }
  }
}